
Microsoft Visual Studio Solution File, Format Version 12.00
# Visual Studio Version 17
VisualStudioVersion = 17.0.31903.59
MinimumVisualStudioVersion = 10.0.40219.1
Project("{FAE04EC0-301F-11D3-BF4B-00C04F79EFBC}") = "DestinationBoard", "DestinationBoard\DestinationBoard.csproj", "{02484946-4270-4916-A70D-C6CE17EF7559}"
EndProject
Global
	GlobalSection(SolutionConfigurationPlatforms) = preSolution
		Debug|Any CPU = Debug|Any CPU
		Release|Any CPU = Release|Any CPU
	EndGlobalSection
	GlobalSection(ProjectConfigurationPlatforms) = postSolution
		{02484946-4270-4916-A70D-C6CE17EF7559}.Debug|Any CPU.ActiveCfg = Debug|Any CPU
		{02484946-4270-4916-A70D-C6CE17EF7559}.Debug|Any CPU.Build.0 = Debug|Any CPU
		{02484946-4270-4916-A70D-C6CE17EF7559}.Release|Any CPU.ActiveCfg = Release|Any CPU
		{02484946-4270-4916-A70D-C6CE17EF7559}.Release|Any CPU.Build.0 = Release|Any CPU
	EndGlobalSection
	GlobalSection(SolutionProperties) = preSolution
		HideSolutionNode = FALSE
	EndGlobalSection
	GlobalSection(ExtensibilityGlobals) = postSolution
		SolutionGuid = {0D532377-4AAF-4A73-81AB-960F8AECCD27}
	EndGlobalSection
EndGlobal
